
Microsoft Visual Studio Solution File, Format Version 12.00
# Visual Studio Version 16
VisualStudioVersion = 16.0.30523.141
MinimumVisualStudioVersion = 10.0.40219.1
Project("{9A19103F-16F7-4668-BE54-9A1E7A4F7556}") = "IronFit.Api", "ImdbAPI\IronFit.Api.csproj", "{35BBFB81-A195-4AE1-9E42-F45BAE674350}"
EndProject
Project("{9A19103F-16F7-4668-BE54-9A1E7A4F7556}") = "IronFit.Domain", "Imdb.Domain\IronFit.Domain.csproj", "{90C574A4-9ECA-4EC3-91F6-FFFCE2E6F862}"
EndProject
Project("{9A19103F-16F7-4668-BE54-9A1E7A4F7556}") = "IronFit.Application", "Imdb.Application\IronFit.Application.csproj", "{C639B19F-2468-4AE0-B47D-7FE4B9D7D7B3}"
EndProject
Project("{9A19103F-16F7-4668-BE54-9A1E7A4F7556}") = "IronFit.Adapter", "Imdb.Adapter\IronFit.Adapter.csproj", "{64BE7285-BC97-48B8-BD6B-A36510BBE49E}"
EndProject
Global
	GlobalSection(SolutionConfigurationPlatforms) = preSolution
		Debug|Any CPU = Debug|Any CPU
		Release|Any CPU = Release|Any CPU
	EndGlobalSection
	GlobalSection(ProjectConfigurationPlatforms) = postSolution
		{35BBFB81-A195-4AE1-9E42-F45BAE674350}.Debug|Any CPU.ActiveCfg = Debug|Any CPU
		{35BBFB81-A195-4AE1-9E42-F45BAE674350}.Debug|Any CPU.Build.0 = Debug|Any CPU
		{35BBFB81-A195-4AE1-9E42-F45BAE674350}.Release|Any CPU.ActiveCfg = Release|Any CPU
		{35BBFB81-A195-4AE1-9E42-F45BAE674350}.Release|Any CPU.Build.0 = Release|Any CPU
		{90C574A4-9ECA-4EC3-91F6-FFFCE2E6F862}.Debug|Any CPU.ActiveCfg = Debug|Any CPU
		{90C574A4-9ECA-4EC3-91F6-FFFCE2E6F862}.Debug|Any CPU.Build.0 = Debug|Any CPU
		{90C574A4-9ECA-4EC3-91F6-FFFCE2E6F862}.Release|Any CPU.ActiveCfg = Release|Any CPU
		{90C574A4-9ECA-4EC3-91F6-FFFCE2E6F862}.Release|Any CPU.Build.0 = Release|Any CPU
		{C639B19F-2468-4AE0-B47D-7FE4B9D7D7B3}.Debug|Any CPU.ActiveCfg = Debug|Any CPU
		{C639B19F-2468-4AE0-B47D-7FE4B9D7D7B3}.Debug|Any CPU.Build.0 = Debug|Any CPU
		{C639B19F-2468-4AE0-B47D-7FE4B9D7D7B3}.Release|Any CPU.ActiveCfg = Release|Any CPU
		{C639B19F-2468-4AE0-B47D-7FE4B9D7D7B3}.Release|Any CPU.Build.0 = Release|Any CPU
		{64BE7285-BC97-48B8-BD6B-A36510BBE49E}.Debug|Any CPU.ActiveCfg = Debug|Any CPU
		{64BE7285-BC97-48B8-BD6B-A36510BBE49E}.Debug|Any CPU.Build.0 = Debug|Any CPU
		{64BE7285-BC97-48B8-BD6B-A36510BBE49E}.Release|Any CPU.ActiveCfg = Release|Any CPU
		{64BE7285-BC97-48B8-BD6B-A36510BBE49E}.Release|Any CPU.Build.0 = Release|Any CPU
	EndGlobalSection
	GlobalSection(SolutionProperties) = preSolution
		HideSolutionNode = FALSE
	EndGlobalSection
	GlobalSection(ExtensibilityGlobals) = postSolution
		SolutionGuid = {8595301F-6470-4594-BEB9-368538BBF5EE}
	EndGlobalSection
EndGlobal
